
Microsoft Visual Studio Solution File, Format Version 12.00
# Visual Studio 15
VisualStudioVersion = 15.0.28307.438
MinimumVisualStudioVersion = 10.0.40219.1
Project("{2150E333-8FDC-42A3-9474-1A3956D46DE8}") = "Appllcation", "Appllcation", "{0872E490-4823-44EB-A2CE-AA9904FD77A2}"
EndProject
Project("{9A19103F-16F7-4668-BE54-9A1E7A4F7556}") = "HTCPlatform.Dapper", "HTCPlatform.Dapper\HTCPlatform.Dapper.csproj", "{4DF45655-6653-4BB0-BD36-342024772C2B}"
EndProject
Project("{9A19103F-16F7-4668-BE54-9A1E7A4F7556}") = "HTCPlatform.Service", "HTCPlatform.Service\HTCPlatform.Service.csproj", "{B7EFDD19-32B6-4539-9F1E-1FC3E2085A4C}"
EndProject
Project("{9A19103F-16F7-4668-BE54-9A1E7A4F7556}") = "HTCPlatform.Api", "HTCPlatform.Api\HTCPlatform.Api.csproj", "{11F100C7-9D36-44CF-B58B-772656C4966E}"
EndProject
Project("{9A19103F-16F7-4668-BE54-9A1E7A4F7556}") = "HTCPlatform.ServiceModel", "HTCPlatform.ServiceModel\HTCPlatform.ServiceModel.csproj", "{2D828403-E46D-49ED-8E8A-BD4D58B3D0DB}"
EndProject
Project("{9A19103F-16F7-4668-BE54-9A1E7A4F7556}") = "HTCPlatform.Domain", "HTCPlatform.Domain\HTCPlatform.Domain.csproj", "{E79A1FE8-196E-4137-B4BC-336AA911DA7C}"
EndProject
Project("{9A19103F-16F7-4668-BE54-9A1E7A4F7556}") = "HTCPlatform.Common", "HTCPlatform.Common\HTCPlatform.Common.csproj", "{2D8D5E85-5317-44B6-B295-93A77DE468FE}"
EndProject
Project("{9A19103F-16F7-4668-BE54-9A1E7A4F7556}") = "HTCPlatform.UI.Api", "HTCPlatform.UI.Api\HTCPlatform.UI.Api.csproj", "{DCEE4F35-6EAF-45FB-B272-D23E57DC7810}"
EndProject
Project("{FAE04EC0-301F-11D3-BF4B-00C04F79EFBC}") = "HTCPlatform.ViewModel", "HTCPlatform.ViewModel\HTCPlatform.ViewModel.csproj", "{B67AD09E-B847-44E9-8619-6EFDF14EEA68}"
EndProject
Global
	GlobalSection(SolutionConfigurationPlatforms) = preSolution
		Debug|Any CPU = Debug|Any CPU
		Release|Any CPU = Release|Any CPU
	EndGlobalSection
	GlobalSection(ProjectConfigurationPlatforms) = postSolution
		{4DF45655-6653-4BB0-BD36-342024772C2B}.Debug|Any CPU.ActiveCfg = Debug|Any CPU
		{4DF45655-6653-4BB0-BD36-342024772C2B}.Debug|Any CPU.Build.0 = Debug|Any CPU
		{4DF45655-6653-4BB0-BD36-342024772C2B}.Release|Any CPU.ActiveCfg = Release|Any CPU
		{4DF45655-6653-4BB0-BD36-342024772C2B}.Release|Any CPU.Build.0 = Release|Any CPU
		{B7EFDD19-32B6-4539-9F1E-1FC3E2085A4C}.Debug|Any CPU.ActiveCfg = Debug|Any CPU
		{B7EFDD19-32B6-4539-9F1E-1FC3E2085A4C}.Debug|Any CPU.Build.0 = Debug|Any CPU
		{B7EFDD19-32B6-4539-9F1E-1FC3E2085A4C}.Release|Any CPU.ActiveCfg = Release|Any CPU
		{B7EFDD19-32B6-4539-9F1E-1FC3E2085A4C}.Release|Any CPU.Build.0 = Release|Any CPU
		{11F100C7-9D36-44CF-B58B-772656C4966E}.Debug|Any CPU.ActiveCfg = Debug|Any CPU
		{11F100C7-9D36-44CF-B58B-772656C4966E}.Debug|Any CPU.Build.0 = Debug|Any CPU
		{11F100C7-9D36-44CF-B58B-772656C4966E}.Release|Any CPU.ActiveCfg = Release|Any CPU
		{11F100C7-9D36-44CF-B58B-772656C4966E}.Release|Any CPU.Build.0 = Release|Any CPU
		{2D828403-E46D-49ED-8E8A-BD4D58B3D0DB}.Debug|Any CPU.ActiveCfg = Debug|Any CPU
		{2D828403-E46D-49ED-8E8A-BD4D58B3D0DB}.Debug|Any CPU.Build.0 = Debug|Any CPU
		{2D828403-E46D-49ED-8E8A-BD4D58B3D0DB}.Release|Any CPU.ActiveCfg = Release|Any CPU
		{2D828403-E46D-49ED-8E8A-BD4D58B3D0DB}.Release|Any CPU.Build.0 = Release|Any CPU
		{E79A1FE8-196E-4137-B4BC-336AA911DA7C}.Debug|Any CPU.ActiveCfg = Debug|Any CPU
		{E79A1FE8-196E-4137-B4BC-336AA911DA7C}.Debug|Any CPU.Build.0 = Debug|Any CPU
		{E79A1FE8-196E-4137-B4BC-336AA911DA7C}.Release|Any CPU.ActiveCfg = Release|Any CPU
		{E79A1FE8-196E-4137-B4BC-336AA911DA7C}.Release|Any CPU.Build.0 = Release|Any CPU
		{2D8D5E85-5317-44B6-B295-93A77DE468FE}.Debug|Any CPU.ActiveCfg = Debug|Any CPU
		{2D8D5E85-5317-44B6-B295-93A77DE468FE}.Debug|Any CPU.Build.0 = Debug|Any CPU
		{2D8D5E85-5317-44B6-B295-93A77DE468FE}.Release|Any CPU.ActiveCfg = Release|Any CPU
		{2D8D5E85-5317-44B6-B295-93A77DE468FE}.Release|Any CPU.Build.0 = Release|Any CPU
		{DCEE4F35-6EAF-45FB-B272-D23E57DC7810}.Debug|Any CPU.ActiveCfg = Debug|Any CPU
		{DCEE4F35-6EAF-45FB-B272-D23E57DC7810}.Debug|Any CPU.Build.0 = Debug|Any CPU
		{DCEE4F35-6EAF-45FB-B272-D23E57DC7810}.Release|Any CPU.ActiveCfg = Release|Any CPU
		{DCEE4F35-6EAF-45FB-B272-D23E57DC7810}.Release|Any CPU.Build.0 = Release|Any CPU
		{B67AD09E-B847-44E9-8619-6EFDF14EEA68}.Debug|Any CPU.ActiveCfg = Debug|Any CPU
		{B67AD09E-B847-44E9-8619-6EFDF14EEA68}.Debug|Any CPU.Build.0 = Debug|Any CPU
		{B67AD09E-B847-44E9-8619-6EFDF14EEA68}.Release|Any CPU.ActiveCfg = Release|Any CPU
		{B67AD09E-B847-44E9-8619-6EFDF14EEA68}.Release|Any CPU.Build.0 = Release|Any CPU
	EndGlobalSection
	GlobalSection(SolutionProperties) = preSolution
		HideSolutionNode = FALSE
	EndGlobalSection
	GlobalSection(NestedProjects) = preSolution
		{4DF45655-6653-4BB0-BD36-342024772C2B} = {0872E490-4823-44EB-A2CE-AA9904FD77A2}
		{B7EFDD19-32B6-4539-9F1E-1FC3E2085A4C} = {0872E490-4823-44EB-A2CE-AA9904FD77A2}
		{11F100C7-9D36-44CF-B58B-772656C4966E} = {0872E490-4823-44EB-A2CE-AA9904FD77A2}
		{2D828403-E46D-49ED-8E8A-BD4D58B3D0DB} = {0872E490-4823-44EB-A2CE-AA9904FD77A2}
		{E79A1FE8-196E-4137-B4BC-336AA911DA7C} = {0872E490-4823-44EB-A2CE-AA9904FD77A2}
		{2D8D5E85-5317-44B6-B295-93A77DE468FE} = {0872E490-4823-44EB-A2CE-AA9904FD77A2}
		{DCEE4F35-6EAF-45FB-B272-D23E57DC7810} = {0872E490-4823-44EB-A2CE-AA9904FD77A2}
		{B67AD09E-B847-44E9-8619-6EFDF14EEA68} = {0872E490-4823-44EB-A2CE-AA9904FD77A2}
	EndGlobalSection
	GlobalSection(ExtensibilityGlobals) = postSolution
		SolutionGuid = {431888F8-E198-4215-A654-BEA4DC767A40}
	EndGlobalSection
EndGlobal
